
Microsoft Visual Studio Solution File, Format Version 12.00
# Visual Studio Version 17
VisualStudioVersion = 17.10.35013.160
MinimumVisualStudioVersion = 10.0.40219.1
Project("{FAE04EC0-301F-11D3-BF4B-00C04F79EFBC}") = "KLEJ_SIMGEMARBEITEN_20250922", "KLEJ_SIMGEMARBEITEN_20250922\KLEJ_SIMGEMARBEITEN_20250922.csproj", "{00C46979-3A79-43E0-A129-7CDEED08D357}"
EndProject
Global
	GlobalSection(SolutionConfigurationPlatforms) = preSolution
		Debug|Any CPU = Debug|Any CPU
		Release|Any CPU = Release|Any CPU
	EndGlobalSection
	GlobalSection(ProjectConfigurationPlatforms) = postSolution
		{00C46979-3A79-43E0-A129-7CDEED08D357}.Debug|Any CPU.ActiveCfg = Debug|Any CPU
		{00C46979-3A79-43E0-A129-7CDEED08D357}.Debug|Any CPU.Build.0 = Debug|Any CPU
		{00C46979-3A79-43E0-A129-7CDEED08D357}.Release|Any CPU.ActiveCfg = Release|Any CPU
		{00C46979-3A79-43E0-A129-7CDEED08D357}.Release|Any CPU.Build.0 = Release|Any CPU
	EndGlobalSection
	GlobalSection(SolutionProperties) = preSolution
		HideSolutionNode = FALSE
	EndGlobalSection
	GlobalSection(ExtensibilityGlobals) = postSolution
		SolutionGuid = {4412FC35-D4C8-4DCE-B75B-3B5E4C15DACE}
	EndGlobalSection
EndGlobal
